
Microsoft Visual Studio Solution File, Format Version 12.00
# Visual Studio Version 17
VisualStudioVersion = 17.0.32112.339
MinimumVisualStudioVersion = 10.0.40219.1
Project("{FAE04EC0-301F-11D3-BF4B-00C04F79EFBC}") = "PandoLogic.Jobs.Api", "PandoLogic.Jobs.Api\PandoLogic.Jobs.Api.csproj", "{FE65DAE5-2694-47D9-A9F4-A5D9A52BB04C}"
EndProject
Global
	GlobalSection(SolutionConfigurationPlatforms) = preSolution
		Debug|Any CPU = Debug|Any CPU
		Release|Any CPU = Release|Any CPU
	EndGlobalSection
	GlobalSection(ProjectConfigurationPlatforms) = postSolution
		{FE65DAE5-2694-47D9-A9F4-A5D9A52BB04C}.Debug|Any CPU.ActiveCfg = Debug|Any CPU
		{FE65DAE5-2694-47D9-A9F4-A5D9A52BB04C}.Debug|Any CPU.Build.0 = Debug|Any CPU
		{FE65DAE5-2694-47D9-A9F4-A5D9A52BB04C}.Release|Any CPU.ActiveCfg = Release|Any CPU
		{FE65DAE5-2694-47D9-A9F4-A5D9A52BB04C}.Release|Any CPU.Build.0 = Release|Any CPU
	EndGlobalSection
	GlobalSection(SolutionProperties) = preSolution
		HideSolutionNode = FALSE
	EndGlobalSection
	GlobalSection(ExtensibilityGlobals) = postSolution
		SolutionGuid = {3B729840-5F94-4913-883D-AC8BED405B48}
	EndGlobalSection
EndGlobal
